
Microsoft Visual Studio Solution File, Format Version 12.00
# Visual Studio 15
VisualStudioVersion = 15.0.27130.2026
MinimumVisualStudioVersion = 10.0.40219.1
Project("{FAE04EC0-301F-11D3-BF4B-00C04F79EFBC}") = "ConsoleApp2", "ConsoleApp2\ConsoleApp2.csproj", "{0AE14B00-17A4-4257-88B8-F489D5A1AE3B}"
EndProject
Global
	GlobalSection(SolutionConfigurationPlatforms) = preSolution
		Debug|Any CPU = Debug|Any CPU
		Release|Any CPU = Release|Any CPU
	EndGlobalSection
	GlobalSection(ProjectConfigurationPlatforms) = postSolution
		{0AE14B00-17A4-4257-88B8-F489D5A1AE3B}.Debug|Any CPU.ActiveCfg = Debug|Any CPU
		{0AE14B00-17A4-4257-88B8-F489D5A1AE3B}.Debug|Any CPU.Build.0 = Debug|Any CPU
		{0AE14B00-17A4-4257-88B8-F489D5A1AE3B}.Release|Any CPU.ActiveCfg = Release|Any CPU
		{0AE14B00-17A4-4257-88B8-F489D5A1AE3B}.Release|Any CPU.Build.0 = Release|Any CPU
	EndGlobalSection
	GlobalSection(SolutionProperties) = preSolution
		HideSolutionNode = FALSE
	EndGlobalSection
	GlobalSection(ExtensibilityGlobals) = postSolution
		SolutionGuid = {080009B9-C5A6-4A3F-B278-A3DBFE5253CB}
	EndGlobalSection
EndGlobal
